
Microsoft Visual Studio Solution File, Format Version 12.00
# Visual Studio Version 16
VisualStudioVersion = 16.0.31313.79
MinimumVisualStudioVersion = 10.0.40219.1
Project("{888888A0-9F3D-457C-B088-3A5042F75D52}") = "sele", "sele\sele.pyproj", "{6862654F-CC85-40B7-8E4F-A4546A3D848A}"
EndProject
Global
	GlobalSection(SolutionConfigurationPlatforms) = preSolution
		Debug|Any CPU = Debug|Any CPU
		Release|Any CPU = Release|Any CPU
	EndGlobalSection
	GlobalSection(ProjectConfigurationPlatforms) = postSolution
		{6862654F-CC85-40B7-8E4F-A4546A3D848A}.Debug|Any CPU.ActiveCfg = Debug|Any CPU
		{6862654F-CC85-40B7-8E4F-A4546A3D848A}.Release|Any CPU.ActiveCfg = Release|Any CPU
	EndGlobalSection
	GlobalSection(SolutionProperties) = preSolution
		HideSolutionNode = FALSE
	EndGlobalSection
	GlobalSection(ExtensibilityGlobals) = postSolution
		SolutionGuid = {37BEAB87-FACA-4252-BFA1-307E9F8F898E}
	EndGlobalSection
EndGlobal
